<?xml version="1.0" encoding="utf-8"?>
<Project ToolsVersion="4.0" xmlns="http://schemas.microsoft.com/developer/msbuild/2003">
  <ItemGroup>
    <ClCompile Include="..\..\..\Application\Gui\Gui.c" />
    <ClCompile Include="..\..\..\Application\Gui\Server.c" />
  </ItemGroup>
  <ItemGroup>
    <ClInclude Include="..\..\..\Application\Gui\Gui.h" />
  </ItemGroup>
  <ItemGroup>
    <CustomBuild Include="..\..\..\Application\Gui\config.plist" />
  </ItemGroup>
</Project>