Microsoft Visual Studio Solution File, Format Version 12.00
# Visual Studio 15
VisualStudioVersion = 15.0.27703.2000
MinimumVisualStudioVersion = 10.0.40219.1
Project("{8BC9CEB8-8B4A-11D0-8D11-00A0C91BC942}") = "Gui", "Project\VisualStudio\Application\Gui.vcxproj", "{8D6E2E4A-DA67-4FDC-94C6-17E655B932FC}"
	ProjectSection(ProjectDependencies) = postProject
		{E94DE137-645E-4694-9B0C-D7F583E09EE6} = {E94DE137-645E-4694-9B0C-D7F583E09EE6}
		{8FE7E89B-A519-409E-B824-385033C748ED} = {8FE7E89B-A519-409E-B824-385033C748ED}
	EndProjectSection
EndProject
Project("{8BC9CEB8-8B4A-11D0-8D11-00A0C91BC942}") = "GuiLib", "Project\VisualStudio\Library\Gui\GuiLib.vcxproj", "{E94DE137-645E-4694-9B0C-D7F583E09EE6}"
	ProjectSection(ProjectDependencies) = postProject
		{46C3491E-3913-46AA-A353-FF6F381B2283} = {46C3491E-3913-46AA-A353-FF6F381B2283}
		{46ACAA31-5BB1-422F-A02F-C8B006ED8F79} = {46ACAA31-5BB1-422F-A02F-C8B006ED8F79}
		{8FE7E89B-A519-409E-B824-385033C748ED} = {8FE7E89B-A519-409E-B824-385033C748ED}
	EndProjectSection
EndProject
Project("{8BC9CEB8-8B4A-11D0-8D11-00A0C91BC942}") = "UefiLib", "Project\VisualStudio\Library\Uefi\UefiLib.vcxproj", "{2DE27EDF-84E2-4992-B4D5-9BA4CEF5FA43}"
	ProjectSection(ProjectDependencies) = postProject
		{5BA03D00-23C0-4D8D-9892-26A4ECED8067} = {5BA03D00-23C0-4D8D-9892-26A4ECED8067}
		{6B821670-1BB0-402F-A444-8360D5FCF6BF} = {6B821670-1BB0-402F-A444-8360D5FCF6BF}
		{8FE7E89B-A519-409E-B824-385033C748ED} = {8FE7E89B-A519-409E-B824-385033C748ED}
		{460902CD-D082-4B8F-BA87-F6DB1B454DBD} = {460902CD-D082-4B8F-BA87-F6DB1B454DBD}
		{F1ED1BEA-993B-48C8-B04D-20B6D101DEBA} = {F1ED1BEA-993B-48C8-B04D-20B6D101DEBA}
	EndProjectSection
EndProject
Project("{2150E333-8FDC-42A3-9474-1A3956D46DE8}") = "Application", "Application", "{B1B7992D-22C6-4BD7-9ECB-99082C40A1B9}"
EndProject
Project("{2150E333-8FDC-42A3-9474-1A3956D46DE8}") = "Library", "Library", "{216123C4-69D6-41A8-AD8F-08E68F69DD83}"
EndProject
Project("{2150E333-8FDC-42A3-9474-1A3956D46DE8}") = "Gui", "Gui", "{D65514A2-AD59-48B6-9677-C3F90ED3EFB3}"
EndProject
Project("{2150E333-8FDC-42A3-9474-1A3956D46DE8}") = "Uefi", "Uefi", "{409F373A-FB03-4FA1-A673-9D1216A832D1}"
EndProject
Project("{2150E333-8FDC-42A3-9474-1A3956D46DE8}") = "Include", "Include", "{5519FFA1-AEAC-4FE0-9148-57B3128BF21A}"
EndProject
Project("{2150E333-8FDC-42A3-9474-1A3956D46DE8}") = "Documentation", "Documentation", "{6046522D-E910-4380-BEBA-805F8C03CF31}"
	ProjectSection(SolutionItems) = preProject
		readme.md = readme.md
	EndProjectSection
EndProject
Project("{8BC9CEB8-8B4A-11D0-8D11-00A0C91BC942}") = "Iso", "Project\VisualStudio\Build\Iso.vcxproj", "{161FF6EC-3902-42F8-8E6E-F1812468228A}"
	ProjectSection(ProjectDependencies) = postProject
		{1129B860-C0AF-4AD9-AEA5-8BC5072FEC93} = {1129B860-C0AF-4AD9-AEA5-8BC5072FEC93}
	EndProjectSection
EndProject
Project("{2150E333-8FDC-42A3-9474-1A3956D46DE8}") = "Build", "Build", "{42098D09-F8F4-4F45-83F5-DDFA6D0647FA}"
	ProjectSection(SolutionItems) = preProject
		.gitignore = .gitignore
		Project\VisualStudio\Build\Resource.bat = Project\VisualStudio\Build\Resource.bat
		Project\VisualStudio\Build\SetVersion.bat = Project\VisualStudio\Build\SetVersion.bat
		version = version
	EndProjectSection
EndProject
Project("{8BC9CEB8-8B4A-11D0-8D11-00A0C91BC942}") = "Postbuild", "Project\VisualStudio\Build\Postbuild.vcxproj", "{1129B860-C0AF-4AD9-AEA5-8BC5072FEC93}"
	ProjectSection(ProjectDependencies) = postProject
		{8D6E2E4A-DA67-4FDC-94C6-17E655B932FC} = {8D6E2E4A-DA67-4FDC-94C6-17E655B932FC}
	EndProjectSection
EndProject
Project("{8BC9CEB8-8B4A-11D0-8D11-00A0C91BC942}") = "Prebuild", "Project\VisualStudio\Build\Prebuild.vcxproj", "{D6ED6BA0-2648-44DB-8BB5-69EB1859B319}"
EndProject
Project("{8BC9CEB8-8B4A-11D0-8D11-00A0C91BC942}") = "Include", "Project\VisualStudio\Include\Include.vcxproj", "{8FE7E89B-A519-409E-B824-385033C748ED}"
	ProjectSection(ProjectDependencies) = postProject
		{D6ED6BA0-2648-44DB-8BB5-69EB1859B319} = {D6ED6BA0-2648-44DB-8BB5-69EB1859B319}
	EndProjectSection
EndProject
Project("{8BC9CEB8-8B4A-11D0-8D11-00A0C91BC942}") = "IA32UefiLib", "Project\VisualStudio\Library\Uefi\IA32UefiLib.vcxproj", "{5BA03D00-23C0-4D8D-9892-26A4ECED8067}"
	ProjectSection(ProjectDependencies) = postProject
		{8FE7E89B-A519-409E-B824-385033C748ED} = {8FE7E89B-A519-409E-B824-385033C748ED}
	EndProjectSection
EndProject
Project("{2150E333-8FDC-42A3-9474-1A3956D46DE8}") = "IA32", "IA32", "{15251BB9-A4D7-4AF1-B131-CB0E9D2B31F7}"
EndProject
Project("{8BC9CEB8-8B4A-11D0-8D11-00A0C91BC942}") = "Documentation", "Project\VisualStudio\Build\Documentation.vcxproj", "{5FAB0DA0-A1EF-4B5F-9041-B1017F64B616}"
	ProjectSection(ProjectDependencies) = postProject
		{8FE7E89B-A519-409E-B824-385033C748ED} = {8FE7E89B-A519-409E-B824-385033C748ED}
	EndProjectSection
EndProject
Project("{2150E333-8FDC-42A3-9474-1A3956D46DE8}") = "Serialize", "Serialize", "{3516EF50-1F1E-47D5-BBEC-975A75F796ED}"
EndProject
Project("{8BC9CEB8-8B4A-11D0-8D11-00A0C91BC942}") = "SerializeLib", "Project\VisualStudio\Library\Serialize\SerializeLib.vcxproj", "{46C3491E-3913-46AA-A353-FF6F381B2283}"
	ProjectSection(ProjectDependencies) = postProject
		{8FE7E89B-A519-409E-B824-385033C748ED} = {8FE7E89B-A519-409E-B824-385033C748ED}
		{2DE27EDF-84E2-4992-B4D5-9BA4CEF5FA43} = {2DE27EDF-84E2-4992-B4D5-9BA4CEF5FA43}
	EndProjectSection
EndProject
Project("{2150E333-8FDC-42A3-9474-1A3956D46DE8}") = "ARM", "ARM", "{30FBDF6F-0993-4A03-AC77-4ED6BAB86DFE}"
EndProject
Project("{8BC9CEB8-8B4A-11D0-8D11-00A0C91BC942}") = "ARMUefiLib", "Project\VisualStudio\Library\Uefi\ARMUefiLib.vcxproj", "{460902CD-D082-4B8F-BA87-F6DB1B454DBD}"
	ProjectSection(ProjectDependencies) = postProject
		{8FE7E89B-A519-409E-B824-385033C748ED} = {8FE7E89B-A519-409E-B824-385033C748ED}
	EndProjectSection
EndProject
Project("{2150E333-8FDC-42A3-9474-1A3956D46DE8}") = "X64", "X64", "{6DFE0196-6578-4FBF-9FC2-DC7FCDBE17E7}"
EndProject
Project("{8BC9CEB8-8B4A-11D0-8D11-00A0C91BC942}") = "X64UefiLib", "Project\VisualStudio\Library\Uefi\X64UefiLib.vcxproj", "{F1ED1BEA-993B-48C8-B04D-20B6D101DEBA}"
	ProjectSection(ProjectDependencies) = postProject
		{8FE7E89B-A519-409E-B824-385033C748ED} = {8FE7E89B-A519-409E-B824-385033C748ED}
	EndProjectSection
EndProject
Project("{2150E333-8FDC-42A3-9474-1A3956D46DE8}") = "Customizations", "Customizations", "{BB613F75-EEA2-44E0-B59B-A2C8986CE965}"
	ProjectSection(SolutionItems) = preProject
		Project\VisualStudio\Build\Customizations\armasm.props = Project\VisualStudio\Build\Customizations\armasm.props
		Project\VisualStudio\Build\Customizations\armasm.targets = Project\VisualStudio\Build\Customizations\armasm.targets
		Project\VisualStudio\Build\Customizations\armasm.xml = Project\VisualStudio\Build\Customizations\armasm.xml
		Project\VisualStudio\Build\Customizations\Build.props = Project\VisualStudio\Build\Customizations\Build.props
		Project\VisualStudio\Build\Customizations\nasm.props = Project\VisualStudio\Build\Customizations\nasm.props
		Project\VisualStudio\Build\Customizations\nasm.targets = Project\VisualStudio\Build\Customizations\nasm.targets
		Project\VisualStudio\Build\Customizations\nasm.xml = Project\VisualStudio\Build\Customizations\nasm.xml
		Project\VisualStudio\Build\Customizations\Platform.props = Project\VisualStudio\Build\Customizations\Platform.props
	EndProjectSection
EndProject
Project("{2150E333-8FDC-42A3-9474-1A3956D46DE8}") = "AARCH64", "AARCH64", "{C775C411-DEB6-4DA9-9E27-B78E4539C103}"
EndProject
Project("{8BC9CEB8-8B4A-11D0-8D11-00A0C91BC942}") = "AARCH64UefiLib", "Project\VisualStudio\Library\Uefi\AARCH64UefiLib.vcxproj", "{6B821670-1BB0-402F-A444-8360D5FCF6BF}"
	ProjectSection(ProjectDependencies) = postProject
		{8FE7E89B-A519-409E-B824-385033C748ED} = {8FE7E89B-A519-409E-B824-385033C748ED}
	EndProjectSection
EndProject
Project("{2150E333-8FDC-42A3-9474-1A3956D46DE8}") = "Installer", "Installer", "{8BB9DB44-E62E-48D3-912B-7E7BC0CA5571}"
EndProject
Project("{8BC9CEB8-8B4A-11D0-8D11-00A0C91BC942}") = "Installer", "Project\VisualStudio\Installer\Installer.vcxproj", "{60B17725-45DD-403B-8069-E0618243881D}"
	ProjectSection(ProjectDependencies) = postProject
		{1129B860-C0AF-4AD9-AEA5-8BC5072FEC93} = {1129B860-C0AF-4AD9-AEA5-8BC5072FEC93}
	EndProjectSection
EndProject
Project("{2150E333-8FDC-42A3-9474-1A3956D46DE8}") = "Cpu", "Cpu", "{C6CA873F-751D-405C-9867-78B6BAB088D4}"
EndProject
Project("{8BC9CEB8-8B4A-11D0-8D11-00A0C91BC942}") = "CpuLib", "Project\VisualStudio\Library\Cpu\CpuLib.vcxproj", "{46ACAA31-5BB1-422F-A02F-C8B006ED8F79}"
	ProjectSection(ProjectDependencies) = postProject
		{8FE7E89B-A519-409E-B824-385033C748ED} = {8FE7E89B-A519-409E-B824-385033C748ED}
		{2DE27EDF-84E2-4992-B4D5-9BA4CEF5FA43} = {2DE27EDF-84E2-4992-B4D5-9BA4CEF5FA43}
	EndProjectSection
EndProject
Global
	GlobalSection(SolutionConfigurationPlatforms) = preSolution
		Uefi|ARM = Uefi|ARM
		Uefi|ARM64 = Uefi|ARM64
		Uefi|Win32 = Uefi|Win32
		Uefi|x64 = Uefi|x64
	EndGlobalSection
	GlobalSection(ProjectConfigurationPlatforms) = postSolution
		{8D6E2E4A-DA67-4FDC-94C6-17E655B932FC}.Uefi|ARM.ActiveCfg = Uefi|ARM
		{8D6E2E4A-DA67-4FDC-94C6-17E655B932FC}.Uefi|ARM.Build.0 = Uefi|ARM
		{8D6E2E4A-DA67-4FDC-94C6-17E655B932FC}.Uefi|ARM64.ActiveCfg = Uefi|ARM64
		{8D6E2E4A-DA67-4FDC-94C6-17E655B932FC}.Uefi|ARM64.Build.0 = Uefi|ARM64
		{8D6E2E4A-DA67-4FDC-94C6-17E655B932FC}.Uefi|Win32.ActiveCfg = Uefi|Win32
		{8D6E2E4A-DA67-4FDC-94C6-17E655B932FC}.Uefi|Win32.Build.0 = Uefi|Win32
		{8D6E2E4A-DA67-4FDC-94C6-17E655B932FC}.Uefi|x64.ActiveCfg = Uefi|x64
		{8D6E2E4A-DA67-4FDC-94C6-17E655B932FC}.Uefi|x64.Build.0 = Uefi|x64
		{E94DE137-645E-4694-9B0C-D7F583E09EE6}.Uefi|ARM.ActiveCfg = Uefi|ARM
		{E94DE137-645E-4694-9B0C-D7F583E09EE6}.Uefi|ARM.Build.0 = Uefi|ARM
		{E94DE137-645E-4694-9B0C-D7F583E09EE6}.Uefi|ARM64.ActiveCfg = Uefi|ARM64
		{E94DE137-645E-4694-9B0C-D7F583E09EE6}.Uefi|ARM64.Build.0 = Uefi|ARM64
		{E94DE137-645E-4694-9B0C-D7F583E09EE6}.Uefi|Win32.ActiveCfg = Uefi|Win32
		{E94DE137-645E-4694-9B0C-D7F583E09EE6}.Uefi|Win32.Build.0 = Uefi|Win32
		{E94DE137-645E-4694-9B0C-D7F583E09EE6}.Uefi|x64.ActiveCfg = Uefi|x64
		{E94DE137-645E-4694-9B0C-D7F583E09EE6}.Uefi|x64.Build.0 = Uefi|x64
		{2DE27EDF-84E2-4992-B4D5-9BA4CEF5FA43}.Uefi|ARM.ActiveCfg = Uefi|ARM
		{2DE27EDF-84E2-4992-B4D5-9BA4CEF5FA43}.Uefi|ARM.Build.0 = Uefi|ARM
		{2DE27EDF-84E2-4992-B4D5-9BA4CEF5FA43}.Uefi|ARM64.ActiveCfg = Uefi|ARM64
		{2DE27EDF-84E2-4992-B4D5-9BA4CEF5FA43}.Uefi|ARM64.Build.0 = Uefi|ARM64
		{2DE27EDF-84E2-4992-B4D5-9BA4CEF5FA43}.Uefi|Win32.ActiveCfg = Uefi|Win32
		{2DE27EDF-84E2-4992-B4D5-9BA4CEF5FA43}.Uefi|Win32.Build.0 = Uefi|Win32
		{2DE27EDF-84E2-4992-B4D5-9BA4CEF5FA43}.Uefi|x64.ActiveCfg = Uefi|x64
		{2DE27EDF-84E2-4992-B4D5-9BA4CEF5FA43}.Uefi|x64.Build.0 = Uefi|x64
		{161FF6EC-3902-42F8-8E6E-F1812468228A}.Uefi|ARM.ActiveCfg = Uefi|ARM
		{161FF6EC-3902-42F8-8E6E-F1812468228A}.Uefi|ARM.Build.0 = Uefi|ARM
		{161FF6EC-3902-42F8-8E6E-F1812468228A}.Uefi|ARM64.ActiveCfg = Uefi|ARM64
		{161FF6EC-3902-42F8-8E6E-F1812468228A}.Uefi|ARM64.Build.0 = Uefi|ARM64
		{161FF6EC-3902-42F8-8E6E-F1812468228A}.Uefi|Win32.ActiveCfg = Uefi|Win32
		{161FF6EC-3902-42F8-8E6E-F1812468228A}.Uefi|Win32.Build.0 = Uefi|Win32
		{161FF6EC-3902-42F8-8E6E-F1812468228A}.Uefi|x64.ActiveCfg = Uefi|x64
		{161FF6EC-3902-42F8-8E6E-F1812468228A}.Uefi|x64.Build.0 = Uefi|x64
		{1129B860-C0AF-4AD9-AEA5-8BC5072FEC93}.Uefi|ARM.ActiveCfg = Uefi|ARM
		{1129B860-C0AF-4AD9-AEA5-8BC5072FEC93}.Uefi|ARM.Build.0 = Uefi|ARM
		{1129B860-C0AF-4AD9-AEA5-8BC5072FEC93}.Uefi|ARM64.ActiveCfg = Uefi|ARM64
		{1129B860-C0AF-4AD9-AEA5-8BC5072FEC93}.Uefi|ARM64.Build.0 = Uefi|ARM64
		{1129B860-C0AF-4AD9-AEA5-8BC5072FEC93}.Uefi|Win32.ActiveCfg = Uefi|Win32
		{1129B860-C0AF-4AD9-AEA5-8BC5072FEC93}.Uefi|Win32.Build.0 = Uefi|Win32
		{1129B860-C0AF-4AD9-AEA5-8BC5072FEC93}.Uefi|x64.ActiveCfg = Uefi|x64
		{1129B860-C0AF-4AD9-AEA5-8BC5072FEC93}.Uefi|x64.Build.0 = Uefi|x64
		{D6ED6BA0-2648-44DB-8BB5-69EB1859B319}.Uefi|ARM.ActiveCfg = Uefi|ARM
		{D6ED6BA0-2648-44DB-8BB5-69EB1859B319}.Uefi|ARM.Build.0 = Uefi|ARM
		{D6ED6BA0-2648-44DB-8BB5-69EB1859B319}.Uefi|ARM64.ActiveCfg = Uefi|ARM64
		{D6ED6BA0-2648-44DB-8BB5-69EB1859B319}.Uefi|ARM64.Build.0 = Uefi|ARM64
		{D6ED6BA0-2648-44DB-8BB5-69EB1859B319}.Uefi|Win32.ActiveCfg = Uefi|Win32
		{D6ED6BA0-2648-44DB-8BB5-69EB1859B319}.Uefi|Win32.Build.0 = Uefi|Win32
		{D6ED6BA0-2648-44DB-8BB5-69EB1859B319}.Uefi|x64.ActiveCfg = Uefi|x64
		{D6ED6BA0-2648-44DB-8BB5-69EB1859B319}.Uefi|x64.Build.0 = Uefi|x64
		{8FE7E89B-A519-409E-B824-385033C748ED}.Uefi|ARM.ActiveCfg = Uefi|ARM
		{8FE7E89B-A519-409E-B824-385033C748ED}.Uefi|ARM.Build.0 = Uefi|ARM
		{8FE7E89B-A519-409E-B824-385033C748ED}.Uefi|ARM64.ActiveCfg = Uefi|ARM64
		{8FE7E89B-A519-409E-B824-385033C748ED}.Uefi|ARM64.Build.0 = Uefi|ARM64
		{8FE7E89B-A519-409E-B824-385033C748ED}.Uefi|Win32.ActiveCfg = Uefi|Win32
		{8FE7E89B-A519-409E-B824-385033C748ED}.Uefi|Win32.Build.0 = Uefi|Win32
		{8FE7E89B-A519-409E-B824-385033C748ED}.Uefi|x64.ActiveCfg = Uefi|x64
		{8FE7E89B-A519-409E-B824-385033C748ED}.Uefi|x64.Build.0 = Uefi|x64
		{5BA03D00-23C0-4D8D-9892-26A4ECED8067}.Uefi|ARM.ActiveCfg = Uefi|Win32
		{5BA03D00-23C0-4D8D-9892-26A4ECED8067}.Uefi|ARM64.ActiveCfg = Uefi|Win32
		{5BA03D00-23C0-4D8D-9892-26A4ECED8067}.Uefi|Win32.ActiveCfg = Uefi|Win32
		{5BA03D00-23C0-4D8D-9892-26A4ECED8067}.Uefi|Win32.Build.0 = Uefi|Win32
		{5BA03D00-23C0-4D8D-9892-26A4ECED8067}.Uefi|x64.ActiveCfg = Uefi|Win32
		{5FAB0DA0-A1EF-4B5F-9041-B1017F64B616}.Uefi|ARM.ActiveCfg = Uefi|ARM
		{5FAB0DA0-A1EF-4B5F-9041-B1017F64B616}.Uefi|ARM64.ActiveCfg = Uefi|ARM64
		{5FAB0DA0-A1EF-4B5F-9041-B1017F64B616}.Uefi|Win32.ActiveCfg = Uefi|Win32
		{5FAB0DA0-A1EF-4B5F-9041-B1017F64B616}.Uefi|x64.ActiveCfg = Uefi|x64
		{46C3491E-3913-46AA-A353-FF6F381B2283}.Uefi|ARM.ActiveCfg = Uefi|ARM
		{46C3491E-3913-46AA-A353-FF6F381B2283}.Uefi|ARM.Build.0 = Uefi|ARM
		{46C3491E-3913-46AA-A353-FF6F381B2283}.Uefi|ARM64.ActiveCfg = Uefi|ARM64
		{46C3491E-3913-46AA-A353-FF6F381B2283}.Uefi|ARM64.Build.0 = Uefi|ARM64
		{46C3491E-3913-46AA-A353-FF6F381B2283}.Uefi|Win32.ActiveCfg = Uefi|Win32
		{46C3491E-3913-46AA-A353-FF6F381B2283}.Uefi|Win32.Build.0 = Uefi|Win32
		{46C3491E-3913-46AA-A353-FF6F381B2283}.Uefi|x64.ActiveCfg = Uefi|x64
		{46C3491E-3913-46AA-A353-FF6F381B2283}.Uefi|x64.Build.0 = Uefi|x64
		{460902CD-D082-4B8F-BA87-F6DB1B454DBD}.Uefi|ARM.ActiveCfg = Uefi|ARM
		{460902CD-D082-4B8F-BA87-F6DB1B454DBD}.Uefi|ARM.Build.0 = Uefi|ARM
		{460902CD-D082-4B8F-BA87-F6DB1B454DBD}.Uefi|ARM64.ActiveCfg = Uefi|ARM
		{460902CD-D082-4B8F-BA87-F6DB1B454DBD}.Uefi|Win32.ActiveCfg = Uefi|ARM
		{460902CD-D082-4B8F-BA87-F6DB1B454DBD}.Uefi|x64.ActiveCfg = Uefi|ARM
		{F1ED1BEA-993B-48C8-B04D-20B6D101DEBA}.Uefi|ARM.ActiveCfg = Uefi|x64
		{F1ED1BEA-993B-48C8-B04D-20B6D101DEBA}.Uefi|ARM64.ActiveCfg = Uefi|x64
		{F1ED1BEA-993B-48C8-B04D-20B6D101DEBA}.Uefi|Win32.ActiveCfg = Uefi|x64
		{F1ED1BEA-993B-48C8-B04D-20B6D101DEBA}.Uefi|x64.ActiveCfg = Uefi|x64
		{F1ED1BEA-993B-48C8-B04D-20B6D101DEBA}.Uefi|x64.Build.0 = Uefi|x64
		{6B821670-1BB0-402F-A444-8360D5FCF6BF}.Uefi|ARM.ActiveCfg = Uefi|ARM64
		{6B821670-1BB0-402F-A444-8360D5FCF6BF}.Uefi|ARM64.ActiveCfg = Uefi|ARM64
		{6B821670-1BB0-402F-A444-8360D5FCF6BF}.Uefi|ARM64.Build.0 = Uefi|ARM64
		{6B821670-1BB0-402F-A444-8360D5FCF6BF}.Uefi|Win32.ActiveCfg = Uefi|ARM64
		{6B821670-1BB0-402F-A444-8360D5FCF6BF}.Uefi|x64.ActiveCfg = Uefi|ARM64
		{60B17725-45DD-403B-8069-E0618243881D}.Uefi|ARM.ActiveCfg = Uefi|ARM
		{60B17725-45DD-403B-8069-E0618243881D}.Uefi|ARM.Build.0 = Uefi|ARM
		{60B17725-45DD-403B-8069-E0618243881D}.Uefi|ARM64.ActiveCfg = Uefi|ARM64
		{60B17725-45DD-403B-8069-E0618243881D}.Uefi|ARM64.Build.0 = Uefi|ARM64
		{60B17725-45DD-403B-8069-E0618243881D}.Uefi|Win32.ActiveCfg = Uefi|Win32
		{60B17725-45DD-403B-8069-E0618243881D}.Uefi|Win32.Build.0 = Uefi|Win32
		{60B17725-45DD-403B-8069-E0618243881D}.Uefi|x64.ActiveCfg = Uefi|x64
		{60B17725-45DD-403B-8069-E0618243881D}.Uefi|x64.Build.0 = Uefi|x64
		{46ACAA31-5BB1-422F-A02F-C8B006ED8F79}.Uefi|ARM.ActiveCfg = Uefi|ARM
		{46ACAA31-5BB1-422F-A02F-C8B006ED8F79}.Uefi|ARM.Build.0 = Uefi|ARM
		{46ACAA31-5BB1-422F-A02F-C8B006ED8F79}.Uefi|ARM64.ActiveCfg = Uefi|ARM64
		{46ACAA31-5BB1-422F-A02F-C8B006ED8F79}.Uefi|ARM64.Build.0 = Uefi|ARM64
		{46ACAA31-5BB1-422F-A02F-C8B006ED8F79}.Uefi|Win32.ActiveCfg = Uefi|Win32
		{46ACAA31-5BB1-422F-A02F-C8B006ED8F79}.Uefi|Win32.Build.0 = Uefi|Win32
		{46ACAA31-5BB1-422F-A02F-C8B006ED8F79}.Uefi|x64.ActiveCfg = Uefi|x64
		{46ACAA31-5BB1-422F-A02F-C8B006ED8F79}.Uefi|x64.Build.0 = Uefi|x64
	EndGlobalSection
	GlobalSection(SolutionProperties) = preSolution
		HideSolutionNode = FALSE
	EndGlobalSection
	GlobalSection(NestedProjects) = preSolution
		{8D6E2E4A-DA67-4FDC-94C6-17E655B932FC} = {B1B7992D-22C6-4BD7-9ECB-99082C40A1B9}
		{E94DE137-645E-4694-9B0C-D7F583E09EE6} = {D65514A2-AD59-48B6-9677-C3F90ED3EFB3}
		{2DE27EDF-84E2-4992-B4D5-9BA4CEF5FA43} = {409F373A-FB03-4FA1-A673-9D1216A832D1}
		{D65514A2-AD59-48B6-9677-C3F90ED3EFB3} = {216123C4-69D6-41A8-AD8F-08E68F69DD83}
		{409F373A-FB03-4FA1-A673-9D1216A832D1} = {216123C4-69D6-41A8-AD8F-08E68F69DD83}
		{161FF6EC-3902-42F8-8E6E-F1812468228A} = {42098D09-F8F4-4F45-83F5-DDFA6D0647FA}
		{1129B860-C0AF-4AD9-AEA5-8BC5072FEC93} = {42098D09-F8F4-4F45-83F5-DDFA6D0647FA}
		{D6ED6BA0-2648-44DB-8BB5-69EB1859B319} = {42098D09-F8F4-4F45-83F5-DDFA6D0647FA}
		{8FE7E89B-A519-409E-B824-385033C748ED} = {5519FFA1-AEAC-4FE0-9148-57B3128BF21A}
		{5BA03D00-23C0-4D8D-9892-26A4ECED8067} = {15251BB9-A4D7-4AF1-B131-CB0E9D2B31F7}
		{15251BB9-A4D7-4AF1-B131-CB0E9D2B31F7} = {409F373A-FB03-4FA1-A673-9D1216A832D1}
		{5FAB0DA0-A1EF-4B5F-9041-B1017F64B616} = {6046522D-E910-4380-BEBA-805F8C03CF31}
		{3516EF50-1F1E-47D5-BBEC-975A75F796ED} = {216123C4-69D6-41A8-AD8F-08E68F69DD83}
		{46C3491E-3913-46AA-A353-FF6F381B2283} = {3516EF50-1F1E-47D5-BBEC-975A75F796ED}
		{30FBDF6F-0993-4A03-AC77-4ED6BAB86DFE} = {409F373A-FB03-4FA1-A673-9D1216A832D1}
		{460902CD-D082-4B8F-BA87-F6DB1B454DBD} = {30FBDF6F-0993-4A03-AC77-4ED6BAB86DFE}
		{6DFE0196-6578-4FBF-9FC2-DC7FCDBE17E7} = {409F373A-FB03-4FA1-A673-9D1216A832D1}
		{F1ED1BEA-993B-48C8-B04D-20B6D101DEBA} = {6DFE0196-6578-4FBF-9FC2-DC7FCDBE17E7}
		{BB613F75-EEA2-44E0-B59B-A2C8986CE965} = {42098D09-F8F4-4F45-83F5-DDFA6D0647FA}
		{C775C411-DEB6-4DA9-9E27-B78E4539C103} = {409F373A-FB03-4FA1-A673-9D1216A832D1}
		{6B821670-1BB0-402F-A444-8360D5FCF6BF} = {C775C411-DEB6-4DA9-9E27-B78E4539C103}
		{60B17725-45DD-403B-8069-E0618243881D} = {8BB9DB44-E62E-48D3-912B-7E7BC0CA5571}
		{C6CA873F-751D-405C-9867-78B6BAB088D4} = {216123C4-69D6-41A8-AD8F-08E68F69DD83}
		{46ACAA31-5BB1-422F-A02F-C8B006ED8F79} = {C6CA873F-751D-405C-9867-78B6BAB088D4}
	EndGlobalSection
	GlobalSection(ExtensibilityGlobals) = postSolution
		SolutionGuid = {F03F3C09-8E2C-40FA-8207-FB4AE836E479}
	EndGlobalSection
EndGlobal
